
Microsoft Visual Studio Solution File, Format Version 12.00
# Visual Studio Version 17
VisualStudioVersion = 17.8.34525.116
MinimumVisualStudioVersion = 10.0.40219.1
Project("{2150E333-8FDC-42A3-9474-1A3956D46DE8}") = "Solution Items", "Solution Items", "{5E369933-C0C1-4908-8CF1-F04BA498F078}"
	ProjectSection(SolutionItems) = preProject
		.editorconfig = .editorconfig
	EndProjectSection
EndProject
Project("{9A19103F-16F7-4668-BE54-9A1E7A4F7556}") = "RapidLaunch", "source\RapidLaunch\RapidLaunch.csproj", "{3C1DEC03-A883-421F-9E36-B7276D404BC2}"
EndProject
Project("{9A19103F-16F7-4668-BE54-9A1E7A4F7556}") = "RapidLaunch.EF", "source\RapidLaunch.EF\RapidLaunch.EF.csproj", "{9A3C3737-01B6-4E59-9FC1-E268E6E323FF}"
EndProject
Project("{9A19103F-16F7-4668-BE54-9A1E7A4F7556}") = "RapidLaunch.Tests", "tests\RapidLaunch.Tests\RapidLaunch.Tests.csproj", "{E594763D-AD13-4558-9810-8F1D554B6886}"
EndProject
Project("{9A19103F-16F7-4668-BE54-9A1E7A4F7556}") = "RapidLaunch.EF.Tests", "tests\RapidLaunch.EF.Tests\RapidLaunch.EF.Tests.csproj", "{5A3D6F83-A4CA-4342-BD79-9B47DE4E5C15}"
EndProject
Project("{9A19103F-16F7-4668-BE54-9A1E7A4F7556}") = "RapidLaunch.EF.Samples", "samples\RapidLaunch.EF.Samples\RapidLaunch.EF.Samples.csproj", "{D4E7C644-D059-4006-8889-969737BFF4AC}"
EndProject
Project("{9A19103F-16F7-4668-BE54-9A1E7A4F7556}") = "RapidLaunch.Mongo", "source\RapidLaunch.Mongo\RapidLaunch.Mongo.csproj", "{9447A0D2-55AD-47E7-9339-C0EE642036CB}"
EndProject
Project("{9A19103F-16F7-4668-BE54-9A1E7A4F7556}") = "RapidLaunch.Mongo.Samples", "samples\RapidLaunch.Mongo.Samples\RapidLaunch.Mongo.Samples.csproj", "{0679141D-76A8-4C61-A715-547740115322}"
EndProject
Project("{9A19103F-16F7-4668-BE54-9A1E7A4F7556}") = "RapidLaunch.Mongo.Tests", "tests\RapidLaunch.Mongo.Tests\RapidLaunch.Mongo.Tests.csproj", "{04103A72-A071-4A68-A75F-97FCADD418EC}"
EndProject
Project("{9A19103F-16F7-4668-BE54-9A1E7A4F7556}") = "RapidLaunch.ADO", "source\RapidLaunch.ADO\RapidLaunch.ADO.csproj", "{124DDCB6-AFFB-4FDD-BC7D-ECC49D04564D}"
EndProject
Project("{9A19103F-16F7-4668-BE54-9A1E7A4F7556}") = "RapidLaunch.ADO.Samples", "samples\RapidLaunch.ADO.Samples\RapidLaunch.ADO.Samples.csproj", "{6E28AAD9-B63D-4D13-A4E8-E1E2627C0956}"
EndProject
Project("{9A19103F-16F7-4668-BE54-9A1E7A4F7556}") = "RapidLaunch.ADO.Tests", "tests\RapidLaunch.ADO.Tests\RapidLaunch.ADO.Tests.csproj", "{C693D95C-3167-4C52-8C01-6BDF80D4FB2A}"
EndProject
Project("{9A19103F-16F7-4668-BE54-9A1E7A4F7556}") = "RapidLaunch.Dapper", "source\RapidLaunch.Dapper\RapidLaunch.Dapper.csproj", "{4BBE49FE-DE82-4225-839F-7F3FE508DBC3}"
EndProject
Project("{9A19103F-16F7-4668-BE54-9A1E7A4F7556}") = "RapidLaunch.Dapper.Tests", "tests\RapidLaunch.Dapper.Tests\RapidLaunch.Dapper.Tests.csproj", "{AD114324-15E1-4EB8-92A1-6A1CF3A1AC2B}"
EndProject
Project("{9A19103F-16F7-4668-BE54-9A1E7A4F7556}") = "RapidLaunch.Dapper.Samples", "samples\RapidLaunch.Dapper.Samples\RapidLaunch.Dapper.Samples.csproj", "{3D9282E8-919C-4937-902C-BA9A950DF340}"
EndProject
Project("{2150E333-8FDC-42A3-9474-1A3956D46DE8}") = "Base", "Base", "{DF45A62E-F819-4D73-B974-72B5691F667A}"
EndProject
Project("{2150E333-8FDC-42A3-9474-1A3956D46DE8}") = "EF", "EF", "{8B32EB42-C4BD-47AF-B709-A4904237FDD5}"
EndProject
Project("{2150E333-8FDC-42A3-9474-1A3956D46DE8}") = "Mongo", "Mongo", "{3396E2B7-2C46-4EF1-AF75-03E2692BFDAB}"
EndProject
Project("{2150E333-8FDC-42A3-9474-1A3956D46DE8}") = "ADO", "ADO", "{616AE0F8-4FEB-42CD-99C1-CA4DF987EDD8}"
EndProject
Project("{2150E333-8FDC-42A3-9474-1A3956D46DE8}") = "Dapper", "Dapper", "{0379BCD1-8E9F-469C-89D0-71EF20865F43}"
EndProject
Project("{2150E333-8FDC-42A3-9474-1A3956D46DE8}") = "Redis", "Redis", "{67F4DEB5-0971-40D8-9586-CDD66D5345F7}"
EndProject
Project("{FAE04EC0-301F-11D3-BF4B-00C04F79EFBC}") = "RapidLaunch.Redis", "source\RapidLaunch.Redis\RapidLaunch.Redis.csproj", "{FF7CFF83-D673-49E3-A744-14881C100595}"
EndProject
Global
	GlobalSection(SolutionConfigurationPlatforms) = preSolution
		Debug|Any CPU = Debug|Any CPU
		Release|Any CPU = Release|Any CPU
	EndGlobalSection
	GlobalSection(ProjectConfigurationPlatforms) = postSolution
		{3C1DEC03-A883-421F-9E36-B7276D404BC2}.Debug|Any CPU.ActiveCfg = Debug|Any CPU
		{3C1DEC03-A883-421F-9E36-B7276D404BC2}.Debug|Any CPU.Build.0 = Debug|Any CPU
		{3C1DEC03-A883-421F-9E36-B7276D404BC2}.Release|Any CPU.ActiveCfg = Release|Any CPU
		{3C1DEC03-A883-421F-9E36-B7276D404BC2}.Release|Any CPU.Build.0 = Release|Any CPU
		{9A3C3737-01B6-4E59-9FC1-E268E6E323FF}.Debug|Any CPU.ActiveCfg = Debug|Any CPU
		{9A3C3737-01B6-4E59-9FC1-E268E6E323FF}.Debug|Any CPU.Build.0 = Debug|Any CPU
		{9A3C3737-01B6-4E59-9FC1-E268E6E323FF}.Release|Any CPU.ActiveCfg = Release|Any CPU
		{9A3C3737-01B6-4E59-9FC1-E268E6E323FF}.Release|Any CPU.Build.0 = Release|Any CPU
		{E594763D-AD13-4558-9810-8F1D554B6886}.Debug|Any CPU.ActiveCfg = Debug|Any CPU
		{E594763D-AD13-4558-9810-8F1D554B6886}.Debug|Any CPU.Build.0 = Debug|Any CPU
		{E594763D-AD13-4558-9810-8F1D554B6886}.Release|Any CPU.ActiveCfg = Release|Any CPU
		{E594763D-AD13-4558-9810-8F1D554B6886}.Release|Any CPU.Build.0 = Release|Any CPU
		{5A3D6F83-A4CA-4342-BD79-9B47DE4E5C15}.Debug|Any CPU.ActiveCfg = Debug|Any CPU
		{5A3D6F83-A4CA-4342-BD79-9B47DE4E5C15}.Debug|Any CPU.Build.0 = Debug|Any CPU
		{5A3D6F83-A4CA-4342-BD79-9B47DE4E5C15}.Release|Any CPU.ActiveCfg = Release|Any CPU
		{5A3D6F83-A4CA-4342-BD79-9B47DE4E5C15}.Release|Any CPU.Build.0 = Release|Any CPU
		{D4E7C644-D059-4006-8889-969737BFF4AC}.Debug|Any CPU.ActiveCfg = Debug|Any CPU
		{D4E7C644-D059-4006-8889-969737BFF4AC}.Debug|Any CPU.Build.0 = Debug|Any CPU
		{D4E7C644-D059-4006-8889-969737BFF4AC}.Release|Any CPU.ActiveCfg = Release|Any CPU
		{D4E7C644-D059-4006-8889-969737BFF4AC}.Release|Any CPU.Build.0 = Release|Any CPU
		{9447A0D2-55AD-47E7-9339-C0EE642036CB}.Debug|Any CPU.ActiveCfg = Debug|Any CPU
		{9447A0D2-55AD-47E7-9339-C0EE642036CB}.Debug|Any CPU.Build.0 = Debug|Any CPU
		{9447A0D2-55AD-47E7-9339-C0EE642036CB}.Release|Any CPU.ActiveCfg = Release|Any CPU
		{9447A0D2-55AD-47E7-9339-C0EE642036CB}.Release|Any CPU.Build.0 = Release|Any CPU
		{0679141D-76A8-4C61-A715-547740115322}.Debug|Any CPU.ActiveCfg = Debug|Any CPU
		{0679141D-76A8-4C61-A715-547740115322}.Debug|Any CPU.Build.0 = Debug|Any CPU
		{0679141D-76A8-4C61-A715-547740115322}.Release|Any CPU.ActiveCfg = Release|Any CPU
		{0679141D-76A8-4C61-A715-547740115322}.Release|Any CPU.Build.0 = Release|Any CPU
		{04103A72-A071-4A68-A75F-97FCADD418EC}.Debug|Any CPU.ActiveCfg = Debug|Any CPU
		{04103A72-A071-4A68-A75F-97FCADD418EC}.Debug|Any CPU.Build.0 = Debug|Any CPU
		{04103A72-A071-4A68-A75F-97FCADD418EC}.Release|Any CPU.ActiveCfg = Release|Any CPU
		{04103A72-A071-4A68-A75F-97FCADD418EC}.Release|Any CPU.Build.0 = Release|Any CPU
		{124DDCB6-AFFB-4FDD-BC7D-ECC49D04564D}.Debug|Any CPU.ActiveCfg = Debug|Any CPU
		{124DDCB6-AFFB-4FDD-BC7D-ECC49D04564D}.Debug|Any CPU.Build.0 = Debug|Any CPU
		{124DDCB6-AFFB-4FDD-BC7D-ECC49D04564D}.Release|Any CPU.ActiveCfg = Release|Any CPU
		{124DDCB6-AFFB-4FDD-BC7D-ECC49D04564D}.Release|Any CPU.Build.0 = Release|Any CPU
		{6E28AAD9-B63D-4D13-A4E8-E1E2627C0956}.Debug|Any CPU.ActiveCfg = Debug|Any CPU
		{6E28AAD9-B63D-4D13-A4E8-E1E2627C0956}.Debug|Any CPU.Build.0 = Debug|Any CPU
		{6E28AAD9-B63D-4D13-A4E8-E1E2627C0956}.Release|Any CPU.ActiveCfg = Release|Any CPU
		{6E28AAD9-B63D-4D13-A4E8-E1E2627C0956}.Release|Any CPU.Build.0 = Release|Any CPU
		{C693D95C-3167-4C52-8C01-6BDF80D4FB2A}.Debug|Any CPU.ActiveCfg = Debug|Any CPU
		{C693D95C-3167-4C52-8C01-6BDF80D4FB2A}.Debug|Any CPU.Build.0 = Debug|Any CPU
		{C693D95C-3167-4C52-8C01-6BDF80D4FB2A}.Release|Any CPU.ActiveCfg = Release|Any CPU
		{C693D95C-3167-4C52-8C01-6BDF80D4FB2A}.Release|Any CPU.Build.0 = Release|Any CPU
		{4BBE49FE-DE82-4225-839F-7F3FE508DBC3}.Debug|Any CPU.ActiveCfg = Debug|Any CPU
		{4BBE49FE-DE82-4225-839F-7F3FE508DBC3}.Debug|Any CPU.Build.0 = Debug|Any CPU
		{4BBE49FE-DE82-4225-839F-7F3FE508DBC3}.Release|Any CPU.ActiveCfg = Release|Any CPU
		{4BBE49FE-DE82-4225-839F-7F3FE508DBC3}.Release|Any CPU.Build.0 = Release|Any CPU
		{AD114324-15E1-4EB8-92A1-6A1CF3A1AC2B}.Debug|Any CPU.ActiveCfg = Debug|Any CPU
		{AD114324-15E1-4EB8-92A1-6A1CF3A1AC2B}.Debug|Any CPU.Build.0 = Debug|Any CPU
		{AD114324-15E1-4EB8-92A1-6A1CF3A1AC2B}.Release|Any CPU.ActiveCfg = Release|Any CPU
		{AD114324-15E1-4EB8-92A1-6A1CF3A1AC2B}.Release|Any CPU.Build.0 = Release|Any CPU
		{3D9282E8-919C-4937-902C-BA9A950DF340}.Debug|Any CPU.ActiveCfg = Debug|Any CPU
		{3D9282E8-919C-4937-902C-BA9A950DF340}.Debug|Any CPU.Build.0 = Debug|Any CPU
		{3D9282E8-919C-4937-902C-BA9A950DF340}.Release|Any CPU.ActiveCfg = Release|Any CPU
		{3D9282E8-919C-4937-902C-BA9A950DF340}.Release|Any CPU.Build.0 = Release|Any CPU
		{FF7CFF83-D673-49E3-A744-14881C100595}.Debug|Any CPU.ActiveCfg = Debug|Any CPU
		{FF7CFF83-D673-49E3-A744-14881C100595}.Debug|Any CPU.Build.0 = Debug|Any CPU
		{FF7CFF83-D673-49E3-A744-14881C100595}.Release|Any CPU.ActiveCfg = Release|Any CPU
		{FF7CFF83-D673-49E3-A744-14881C100595}.Release|Any CPU.Build.0 = Release|Any CPU
	EndGlobalSection
	GlobalSection(SolutionProperties) = preSolution
		HideSolutionNode = FALSE
	EndGlobalSection
	GlobalSection(NestedProjects) = preSolution
		{3C1DEC03-A883-421F-9E36-B7276D404BC2} = {DF45A62E-F819-4D73-B974-72B5691F667A}
		{9A3C3737-01B6-4E59-9FC1-E268E6E323FF} = {8B32EB42-C4BD-47AF-B709-A4904237FDD5}
		{E594763D-AD13-4558-9810-8F1D554B6886} = {DF45A62E-F819-4D73-B974-72B5691F667A}
		{5A3D6F83-A4CA-4342-BD79-9B47DE4E5C15} = {8B32EB42-C4BD-47AF-B709-A4904237FDD5}
		{D4E7C644-D059-4006-8889-969737BFF4AC} = {8B32EB42-C4BD-47AF-B709-A4904237FDD5}
		{9447A0D2-55AD-47E7-9339-C0EE642036CB} = {3396E2B7-2C46-4EF1-AF75-03E2692BFDAB}
		{0679141D-76A8-4C61-A715-547740115322} = {3396E2B7-2C46-4EF1-AF75-03E2692BFDAB}
		{04103A72-A071-4A68-A75F-97FCADD418EC} = {67F4DEB5-0971-40D8-9586-CDD66D5345F7}
		{124DDCB6-AFFB-4FDD-BC7D-ECC49D04564D} = {616AE0F8-4FEB-42CD-99C1-CA4DF987EDD8}
		{6E28AAD9-B63D-4D13-A4E8-E1E2627C0956} = {616AE0F8-4FEB-42CD-99C1-CA4DF987EDD8}
		{C693D95C-3167-4C52-8C01-6BDF80D4FB2A} = {616AE0F8-4FEB-42CD-99C1-CA4DF987EDD8}
		{4BBE49FE-DE82-4225-839F-7F3FE508DBC3} = {0379BCD1-8E9F-469C-89D0-71EF20865F43}
		{AD114324-15E1-4EB8-92A1-6A1CF3A1AC2B} = {0379BCD1-8E9F-469C-89D0-71EF20865F43}
		{3D9282E8-919C-4937-902C-BA9A950DF340} = {0379BCD1-8E9F-469C-89D0-71EF20865F43}
		{FF7CFF83-D673-49E3-A744-14881C100595} = {67F4DEB5-0971-40D8-9586-CDD66D5345F7}
	EndGlobalSection
	GlobalSection(ExtensibilityGlobals) = postSolution
		SolutionGuid = {B245B570-59D8-435C-AE35-FC90D5F7ADCC}
	EndGlobalSection
EndGlobal
