
Microsoft Visual Studio Solution File, Format Version 12.00
# Visual Studio Version 17
VisualStudioVersion = 17.8.34525.116
MinimumVisualStudioVersion = 10.0.40219.1
Project("{2150E333-8FDC-42A3-9474-1A3956D46DE8}") = "Solution Items", "Solution Items", "{5E369933-C0C1-4908-8CF1-F04BA498F078}"
	ProjectSection(SolutionItems) = preProject
		.editorconfig = .editorconfig
	EndProjectSection
EndProject
Project("{9A19103F-16F7-4668-BE54-9A1E7A4F7556}") = "RapidLaunch", "source\RapidLaunch\RapidLaunch.csproj", "{3C1DEC03-A883-421F-9E36-B7276D404BC2}"
EndProject
Project("{9A19103F-16F7-4668-BE54-9A1E7A4F7556}") = "RapidLaunch.EF", "source\RapidLaunch.EF\RapidLaunch.EF.csproj", "{9A3C3737-01B6-4E59-9FC1-E268E6E323FF}"
EndProject
Project("{9A19103F-16F7-4668-BE54-9A1E7A4F7556}") = "RapidLaunch.Tests", "tests\RapidLaunch.Tests\RapidLaunch.Tests.csproj", "{E594763D-AD13-4558-9810-8F1D554B6886}"
EndProject
Project("{FAE04EC0-301F-11D3-BF4B-00C04F79EFBC}") = "RapidLaunch.EF.Tests", "tests\RapidLaunch.EF.Tests\RapidLaunch.EF.Tests.csproj", "{5A3D6F83-A4CA-4342-BD79-9B47DE4E5C15}"
EndProject
Global
	GlobalSection(SolutionConfigurationPlatforms) = preSolution
		Debug|Any CPU = Debug|Any CPU
		Release|Any CPU = Release|Any CPU
	EndGlobalSection
	GlobalSection(ProjectConfigurationPlatforms) = postSolution
		{3C1DEC03-A883-421F-9E36-B7276D404BC2}.Debug|Any CPU.ActiveCfg = Debug|Any CPU
		{3C1DEC03-A883-421F-9E36-B7276D404BC2}.Debug|Any CPU.Build.0 = Debug|Any CPU
		{3C1DEC03-A883-421F-9E36-B7276D404BC2}.Release|Any CPU.ActiveCfg = Release|Any CPU
		{3C1DEC03-A883-421F-9E36-B7276D404BC2}.Release|Any CPU.Build.0 = Release|Any CPU
		{9A3C3737-01B6-4E59-9FC1-E268E6E323FF}.Debug|Any CPU.ActiveCfg = Debug|Any CPU
		{9A3C3737-01B6-4E59-9FC1-E268E6E323FF}.Debug|Any CPU.Build.0 = Debug|Any CPU
		{9A3C3737-01B6-4E59-9FC1-E268E6E323FF}.Release|Any CPU.ActiveCfg = Release|Any CPU
		{9A3C3737-01B6-4E59-9FC1-E268E6E323FF}.Release|Any CPU.Build.0 = Release|Any CPU
		{E594763D-AD13-4558-9810-8F1D554B6886}.Debug|Any CPU.ActiveCfg = Debug|Any CPU
		{E594763D-AD13-4558-9810-8F1D554B6886}.Debug|Any CPU.Build.0 = Debug|Any CPU
		{E594763D-AD13-4558-9810-8F1D554B6886}.Release|Any CPU.ActiveCfg = Release|Any CPU
		{E594763D-AD13-4558-9810-8F1D554B6886}.Release|Any CPU.Build.0 = Release|Any CPU
		{5A3D6F83-A4CA-4342-BD79-9B47DE4E5C15}.Debug|Any CPU.ActiveCfg = Debug|Any CPU
		{5A3D6F83-A4CA-4342-BD79-9B47DE4E5C15}.Debug|Any CPU.Build.0 = Debug|Any CPU
		{5A3D6F83-A4CA-4342-BD79-9B47DE4E5C15}.Release|Any CPU.ActiveCfg = Release|Any CPU
		{5A3D6F83-A4CA-4342-BD79-9B47DE4E5C15}.Release|Any CPU.Build.0 = Release|Any CPU
	EndGlobalSection
	GlobalSection(SolutionProperties) = preSolution
		HideSolutionNode = FALSE
	EndGlobalSection
	GlobalSection(ExtensibilityGlobals) = postSolution
		SolutionGuid = {B245B570-59D8-435C-AE35-FC90D5F7ADCC}
	EndGlobalSection
EndGlobal
